
Microsoft Visual Studio Solution File, Format Version 12.00
# Visual Studio Version 17
VisualStudioVersion = 17.11.35327.3
MinimumVisualStudioVersion = 10.0.40219.1
Project("{FAE04EC0-301F-11D3-BF4B-00C04F79EFBC}") = "CAT1-6083.2022", "CAT1-6083.2022.csproj", "{26375B37-2A2F-4E93-A56F-A2C9CE01BECF}"
EndProject
Global
	GlobalSection(SolutionConfigurationPlatforms) = preSolution
		Debug|Any CPU = Debug|Any CPU
		Release|Any CPU = Release|Any CPU
	EndGlobalSection
	GlobalSection(ProjectConfigurationPlatforms) = postSolution
		{26375B37-2A2F-4E93-A56F-A2C9CE01BECF}.Debug|Any CPU.ActiveCfg = Debug|Any CPU
		{26375B37-2A2F-4E93-A56F-A2C9CE01BECF}.Debug|Any CPU.Build.0 = Debug|Any CPU
		{26375B37-2A2F-4E93-A56F-A2C9CE01BECF}.Release|Any CPU.ActiveCfg = Release|Any CPU
		{26375B37-2A2F-4E93-A56F-A2C9CE01BECF}.Release|Any CPU.Build.0 = Release|Any CPU
	EndGlobalSection
	GlobalSection(SolutionProperties) = preSolution
		HideSolutionNode = FALSE
	EndGlobalSection
	GlobalSection(ExtensibilityGlobals) = postSolution
		SolutionGuid = {A7F17755-4948-4BC7-9B88-AE71B9B548E7}
	EndGlobalSection
EndGlobal
